
Microsoft Visual Studio Solution File, Format Version 12.00
# Visual Studio 15
VisualStudioVersion = 15.0.28307.329
MinimumVisualStudioVersion = 10.0.40219.1
Project("{FAE04EC0-301F-11D3-BF4B-00C04F79EFBC}") = "CSV", "CSV\CSV.csproj", "{405FB52D-C338-4140-99A6-D4B9E765F1A6}"
EndProject
Global
	GlobalSection(SolutionConfigurationPlatforms) = preSolution
		Debug|Any CPU = Debug|Any CPU
		Release|Any CPU = Release|Any CPU
	EndGlobalSection
	GlobalSection(ProjectConfigurationPlatforms) = postSolution
		{405FB52D-C338-4140-99A6-D4B9E765F1A6}.Debug|Any CPU.ActiveCfg = Debug|Any CPU
		{405FB52D-C338-4140-99A6-D4B9E765F1A6}.Debug|Any CPU.Build.0 = Debug|Any CPU
		{405FB52D-C338-4140-99A6-D4B9E765F1A6}.Release|Any CPU.ActiveCfg = Release|Any CPU
		{405FB52D-C338-4140-99A6-D4B9E765F1A6}.Release|Any CPU.Build.0 = Release|Any CPU
	EndGlobalSection
	GlobalSection(SolutionProperties) = preSolution
		HideSolutionNode = FALSE
	EndGlobalSection
	GlobalSection(ExtensibilityGlobals) = postSolution
		SolutionGuid = {FF550636-0889-4A8F-ADC7-FFF94FD60276}
	EndGlobalSection
EndGlobal
